// !$*UTF8*$!
{
	archiveVersion = 1;
	classes = {
	};
	objectVersion = 77;
	objects = {

/* Begin PBXBuildFile section */
		09F1A754E0FEC864E410775A /* Pods_minstagram.framework in Frameworks */ = {isa = PBXBuildFile; fileRef = A8331E3D0F0FD926FF513E6E /* Pods_minstagram.framework */; };
		7394E2FF48161586EDC19F78 /* Pods_minstagram_minstagramUITests.framework in Frameworks */ = {isa = PBXBuildFile; fileRef = CD5B8AF3258E2CD5A7B4DEDA /* Pods_minstagram_minstagramUITests.framework */; };
		8C60FEFF5A1859871575E33A /* Pods_minstagramTests.framework in Frameworks */ = {isa = PBXBuildFile; fileRef = 34C0CE5D45B0DF6B5755F18D /* Pods_minstagramTests.framework */; };
/* End PBXBuildFile section */

/* Begin PBXContainerItemProxy section */
		6DA27D672D65E214002A2B51 /* PBXContainerItemProxy */ = {
			isa = PBXContainerItemProxy;
			containerPortal = 6DA27D482D65E213002A2B51 /* Project object */;
			proxyType = 1;
			remoteGlobalIDString = 6DA27D4F2D65E213002A2B51;
			remoteInfo = minstagram;
		};
		6DA27D712D65E214002A2B51 /* PBXContainerItemProxy */ = {
			isa = PBXContainerItemProxy;
			containerPortal = 6DA27D482D65E213002A2B51 /* Project object */;
			proxyType = 1;
			remoteGlobalIDString = 6DA27D4F2D65E213002A2B51;
			remoteInfo = minstagram;
		};
/* End PBXContainerItemProxy section */

/* Begin PBXFileReference section */
		206C9FBCB0BD0D27D28576DD /* Pods-minstagram.debug.xcconfig */ = {isa = PBXFileReference; includeInIndex = 1; lastKnownFileType = text.xcconfig; name = "Pods-minstagram.debug.xcconfig"; path = "Target Support Files/Pods-minstagram/Pods-minstagram.debug.xcconfig"; sourceTree = "<group>"; };
		34C0CE5D45B0DF6B5755F18D /* Pods_minstagramTests.framework */ = {isa = PBXFileReference; explicitFileType = wrapper.framework; includeInIndex = 0; path = Pods_minstagramTests.framework; sourceTree = BUILT_PRODUCTS_DIR; };
		379587A717718B6926DB8E68 /* Pods-minstagram-minstagramUITests.debug.xcconfig */ = {isa = PBXFileReference; includeInIndex = 1; lastKnownFileType = text.xcconfig; name = "Pods-minstagram-minstagramUITests.debug.xcconfig"; path = "Target Support Files/Pods-minstagram-minstagramUITests/Pods-minstagram-minstagramUITests.debug.xcconfig"; sourceTree = "<group>"; };
		6DA27D502D65E213002A2B51 /* minstagram.app */ = {isa = PBXFileReference; explicitFileType = wrapper.application; includeInIndex = 0; path = minstagram.app; sourceTree = BUILT_PRODUCTS_DIR; };
		6DA27D662D65E214002A2B51 /* minstagramTests.xctest */ = {isa = PBXFileReference; explicitFileType = wrapper.cfbundle; includeInIndex = 0; path = minstagramTests.xctest; sourceTree = BUILT_PRODUCTS_DIR; };
		6DA27D702D65E214002A2B51 /* minstagramUITests.xctest */ = {isa = PBXFileReference; explicitFileType = wrapper.cfbundle; includeInIndex = 0; path = minstagramUITests.xctest; sourceTree = BUILT_PRODUCTS_DIR; };
		7431A912DEE42AB2F7F3A9E2 /* Pods-minstagramTests.debug.xcconfig */ = {isa = PBXFileReference; includeInIndex = 1; lastKnownFileType = text.xcconfig; name = "Pods-minstagramTests.debug.xcconfig"; path = "Target Support Files/Pods-minstagramTests/Pods-minstagramTests.debug.xcconfig"; sourceTree = "<group>"; };
		9C93D586948F3C52E9AD98FC /* Pods-minstagramTests.release.xcconfig */ = {isa = PBXFileReference; includeInIndex = 1; lastKnownFileType = text.xcconfig; name = "Pods-minstagramTests.release.xcconfig"; path = "Target Support Files/Pods-minstagramTests/Pods-minstagramTests.release.xcconfig"; sourceTree = "<group>"; };
		A8331E3D0F0FD926FF513E6E /* Pods_minstagram.framework */ = {isa = PBXFileReference; explicitFileType = wrapper.framework; includeInIndex = 0; path = Pods_minstagram.framework; sourceTree = BUILT_PRODUCTS_DIR; };
		CD5B8AF3258E2CD5A7B4DEDA /* Pods_minstagram_minstagramUITests.framework */ = {isa = PBXFileReference; explicitFileType = wrapper.framework; includeInIndex = 0; path = Pods_minstagram_minstagramUITests.framework; sourceTree = BUILT_PRODUCTS_DIR; };
		DA874ED5E120960A54E542F6 /* Pods-minstagram.release.xcconfig */ = {isa = PBXFileReference; includeInIndex = 1; lastKnownFileType = text.xcconfig; name = "Pods-minstagram.release.xcconfig"; path = "Target Support Files/Pods-minstagram/Pods-minstagram.release.xcconfig"; sourceTree = "<group>"; };
		E12C1E5D02FF361E0C5DD364 /* Pods-minstagram-minstagramUITests.release.xcconfig */ = {isa = PBXFileReference; includeInIndex = 1; lastKnownFileType = text.xcconfig; name = "Pods-minstagram-minstagramUITests.release.xcconfig"; path = "Target Support Files/Pods-minstagram-minstagramUITests/Pods-minstagram-minstagramUITests.release.xcconfig"; sourceTree = "<group>"; };
/* End PBXFileReference section */

/* Begin PBXFileSystemSynchronizedBuildFileExceptionSet section */
		6DA27D782D65E214002A2B51 /* Exceptions for "minstagram" folder in "minstagram" target */ = {
			isa = PBXFileSystemSynchronizedBuildFileExceptionSet;
			membershipExceptions = (
				Info.plist,
			);
			target = 6DA27D4F2D65E213002A2B51 /* minstagram */;
		};
/* End PBXFileSystemSynchronizedBuildFileExceptionSet section */

/* Begin PBXFileSystemSynchronizedRootGroup section */
		6DA27D522D65E213002A2B51 /* minstagram */ = {
			isa = PBXFileSystemSynchronizedRootGroup;
			exceptions = (
				6DA27D782D65E214002A2B51 /* Exceptions for "minstagram" folder in "minstagram" target */,
			);
			path = minstagram;
			sourceTree = "<group>";
		};
		6DA27D692D65E214002A2B51 /* minstagramTests */ = {
			isa = PBXFileSystemSynchronizedRootGroup;
			path = minstagramTests;
			sourceTree = "<group>";
		};
		6DA27D732D65E214002A2B51 /* minstagramUITests */ = {
			isa = PBXFileSystemSynchronizedRootGroup;
			path = minstagramUITests;
			sourceTree = "<group>";
		};
/* End PBXFileSystemSynchronizedRootGroup section */

/* Begin PBXFrameworksBuildPhase section */
		6DA27D4D2D65E213002A2B51 /* Frameworks */ = {
			isa = PBXFrameworksBuildPhase;
			buildActionMask = 2147483647;
			files = (
				09F1A754E0FEC864E410775A /* Pods_minstagram.framework in Frameworks */,
			);
			runOnlyForDeploymentPostprocessing = 0;
		};
		6DA27D632D65E214002A2B51 /* Frameworks */ = {
			isa = PBXFrameworksBuildPhase;
			buildActionMask = 2147483647;
			files = (
				8C60FEFF5A1859871575E33A /* Pods_minstagramTests.framework in Frameworks */,
			);
			runOnlyForDeploymentPostprocessing = 0;
		};
		6DA27D6D2D65E214002A2B51 /* Frameworks */ = {
			isa = PBXFrameworksBuildPhase;
			buildActionMask = 2147483647;
			files = (
				7394E2FF48161586EDC19F78 /* Pods_minstagram_minstagramUITests.framework in Frameworks */,
			);
			runOnlyForDeploymentPostprocessing = 0;
		};
/* End PBXFrameworksBuildPhase section */

/* Begin PBXGroup section */
		6DA27D472D65E213002A2B51 = {
			isa = PBXGroup;
			children = (
				6DA27D522D65E213002A2B51 /* minstagram */,
				6DA27D692D65E214002A2B51 /* minstagramTests */,
				6DA27D732D65E214002A2B51 /* minstagramUITests */,
				6DA27D512D65E213002A2B51 /* Products */,
				F4B684587C5B59C4DE204587 /* Pods */,
				E40BBBA2962E21790059CA73 /* Frameworks */,
			);
			sourceTree = "<group>";
		};
		6DA27D512D65E213002A2B51 /* Products */ = {
			isa = PBXGroup;
			children = (
				6DA27D502D65E213002A2B51 /* minstagram.app */,
				6DA27D662D65E214002A2B51 /* minstagramTests.xctest */,
				6DA27D702D65E214002A2B51 /* minstagramUITests.xctest */,
			);
			name = Products;
			sourceTree = "<group>";
		};
		E40BBBA2962E21790059CA73 /* Frameworks */ = {
			isa = PBXGroup;
			children = (
				A8331E3D0F0FD926FF513E6E /* Pods_minstagram.framework */,
				CD5B8AF3258E2CD5A7B4DEDA /* Pods_minstagram_minstagramUITests.framework */,
				34C0CE5D45B0DF6B5755F18D /* Pods_minstagramTests.framework */,
			);
			name = Frameworks;
			sourceTree = "<group>";
		};
		F4B684587C5B59C4DE204587 /* Pods */ = {
			isa = PBXGroup;
			children = (
				206C9FBCB0BD0D27D28576DD /* Pods-minstagram.debug.xcconfig */,
				DA874ED5E120960A54E542F6 /* Pods-minstagram.release.xcconfig */,
				379587A717718B6926DB8E68 /* Pods-minstagram-minstagramUITests.debug.xcconfig */,
				E12C1E5D02FF361E0C5DD364 /* Pods-minstagram-minstagramUITests.release.xcconfig */,
				7431A912DEE42AB2F7F3A9E2 /* Pods-minstagramTests.debug.xcconfig */,
				9C93D586948F3C52E9AD98FC /* Pods-minstagramTests.release.xcconfig */,
			);
			path = Pods;
			sourceTree = "<group>";
		};
/* End PBXGroup section */

/* Begin PBXNativeTarget section */
		6DA27D4F2D65E213002A2B51 /* minstagram */ = {
			isa = PBXNativeTarget;
			buildConfigurationList = 6DA27D792D65E214002A2B51 /* Build configuration list for PBXNativeTarget "minstagram" */;
			buildPhases = (
				136F8F2CE1B2069065506A03 /* [CP] Check Pods Manifest.lock */,
				6DA27D4C2D65E213002A2B51 /* Sources */,
				6DA27D4D2D65E213002A2B51 /* Frameworks */,
				6DA27D4E2D65E213002A2B51 /* Resources */,
				C2E7E9129B0F6B75AE1F5C71 /* [CP] Embed Pods Frameworks */,
			);
			buildRules = (
			);
			dependencies = (
			);
			fileSystemSynchronizedGroups = (
				6DA27D522D65E213002A2B51 /* minstagram */,
			);
			name = minstagram;
			productName = minstagram;
			productReference = 6DA27D502D65E213002A2B51 /* minstagram.app */;
			productType = "com.apple.product-type.application";
		};
		6DA27D652D65E214002A2B51 /* minstagramTests */ = {
			isa = PBXNativeTarget;
			buildConfigurationList = 6DA27D7E2D65E214002A2B51 /* Build configuration list for PBXNativeTarget "minstagramTests" */;
			buildPhases = (
				FFD2DD0C2DCE3C0B6A1D3A41 /* [CP] Check Pods Manifest.lock */,
				6DA27D622D65E214002A2B51 /* Sources */,
				6DA27D632D65E214002A2B51 /* Frameworks */,
				6DA27D642D65E214002A2B51 /* Resources */,
			);
			buildRules = (
			);
			dependencies = (
				6DA27D682D65E214002A2B51 /* PBXTargetDependency */,
			);
			fileSystemSynchronizedGroups = (
				6DA27D692D65E214002A2B51 /* minstagramTests */,
			);
			name = minstagramTests;
			productName = minstagramTests;
			productReference = 6DA27D662D65E214002A2B51 /* minstagramTests.xctest */;
			productType = "com.apple.product-type.bundle.unit-test";
		};
		6DA27D6F2D65E214002A2B51 /* minstagramUITests */ = {
			isa = PBXNativeTarget;
			buildConfigurationList = 6DA27D812D65E214002A2B51 /* Build configuration list for PBXNativeTarget "minstagramUITests" */;
			buildPhases = (
				6BCD81EA0F995A4980B6C50D /* [CP] Check Pods Manifest.lock */,
				6DA27D6C2D65E214002A2B51 /* Sources */,
				6DA27D6D2D65E214002A2B51 /* Frameworks */,
				6DA27D6E2D65E214002A2B51 /* Resources */,
				523A07E387EA4B2F3B9E3578 /* [CP] Embed Pods Frameworks */,
			);
			buildRules = (
			);
			dependencies = (
				6DA27D722D65E214002A2B51 /* PBXTargetDependency */,
			);
			fileSystemSynchronizedGroups = (
				6DA27D732D65E214002A2B51 /* minstagramUITests */,
			);
			name = minstagramUITests;
			productName = minstagramUITests;
			productReference = 6DA27D702D65E214002A2B51 /* minstagramUITests.xctest */;
			productType = "com.apple.product-type.bundle.ui-testing";
		};
/* End PBXNativeTarget section */

/* Begin PBXProject section */
		6DA27D482D65E213002A2B51 /* Project object */ = {
			isa = PBXProject;
			attributes = {
				BuildIndependentTargetsInParallel = 1;
				LastSwiftUpdateCheck = 1620;
				LastUpgradeCheck = 1620;
				TargetAttributes = {
					6DA27D4F2D65E213002A2B51 = {
						CreatedOnToolsVersion = 16.2;
					};
					6DA27D652D65E214002A2B51 = {
						CreatedOnToolsVersion = 16.2;
						TestTargetID = 6DA27D4F2D65E213002A2B51;
					};
					6DA27D6F2D65E214002A2B51 = {
						CreatedOnToolsVersion = 16.2;
						TestTargetID = 6DA27D4F2D65E213002A2B51;
					};
				};
			};
			buildConfigurationList = 6DA27D4B2D65E213002A2B51 /* Build configuration list for PBXProject "minstagram" */;
			developmentRegion = en;
			hasScannedForEncodings = 0;
			knownRegions = (
				en,
				Base,
			);
			mainGroup = 6DA27D472D65E213002A2B51;
			minimizedProjectReferenceProxies = 1;
			preferredProjectObjectVersion = 77;
			productRefGroup = 6DA27D512D65E213002A2B51 /* Products */;
			projectDirPath = "";
			projectRoot = "";
			targets = (
				6DA27D4F2D65E213002A2B51 /* minstagram */,
				6DA27D652D65E214002A2B51 /* minstagramTests */,
				6DA27D6F2D65E214002A2B51 /* minstagramUITests */,
			);
		};
/* End PBXProject section */

/* Begin PBXResourcesBuildPhase section */
		6DA27D4E2D65E213002A2B51 /* Resources */ = {
			isa = PBXResourcesBuildPhase;
			buildActionMask = 2147483647;
			files = (
			);
			runOnlyForDeploymentPostprocessing = 0;
		};
		6DA27D642D65E214002A2B51 /* Resources */ = {
			isa = PBXResourcesBuildPhase;
			buildActionMask = 2147483647;
			files = (
			);
			runOnlyForDeploymentPostprocessing = 0;
		};
		6DA27D6E2D65E214002A2B51 /* Resources */ = {
			isa = PBXResourcesBuildPhase;
			buildActionMask = 2147483647;
			files = (
			);
			runOnlyForDeploymentPostprocessing = 0;
		};
/* End PBXResourcesBuildPhase section */

/* Begin PBXShellScriptBuildPhase section */
		136F8F2CE1B2069065506A03 /* [CP] Check Pods Manifest.lock */ = {
			isa = PBXShellScriptBuildPhase;
			buildActionMask = 2147483647;
			files = (
			);
			inputFileListPaths = (
			);
			inputPaths = (
				"${PODS_PODFILE_DIR_PATH}/Podfile.lock",
				"${PODS_ROOT}/Manifest.lock",
			);
			name = "[CP] Check Pods Manifest.lock";
			outputFileListPaths = (
			);
			outputPaths = (
				"$(DERIVED_FILE_DIR)/Pods-minstagram-checkManifestLockResult.txt",
			);
			runOnlyForDeploymentPostprocessing = 0;
			shellPath = /bin/sh;
			shellScript = "diff \"${PODS_PODFILE_DIR_PATH}/Podfile.lock\" \"${PODS_ROOT}/Manifest.lock\" > /dev/null\nif [ $? != 0 ] ; then\n    # print error to STDERR\n    echo \"error: The sandbox is not in sync with the Podfile.lock. Run 'pod install' or update your CocoaPods installation.\" >&2\n    exit 1\nfi\n# This output is used by Xcode 'outputs' to avoid re-running this script phase.\necho \"SUCCESS\" > \"${SCRIPT_OUTPUT_FILE_0}\"\n";
			showEnvVarsInLog = 0;
		};
		523A07E387EA4B2F3B9E3578 /* [CP] Embed Pods Frameworks */ = {
			isa = PBXShellScriptBuildPhase;
			buildActionMask = 2147483647;
			files = (
			);
			inputFileListPaths = (
				"${PODS_ROOT}/Target Support Files/Pods-minstagram-minstagramUITests/Pods-minstagram-minstagramUITests-frameworks-${CONFIGURATION}-input-files.xcfilelist",
			);
			name = "[CP] Embed Pods Frameworks";
			outputFileListPaths = (
				"${PODS_ROOT}/Target Support Files/Pods-minstagram-minstagramUITests/Pods-minstagram-minstagramUITests-frameworks-${CONFIGURATION}-output-files.xcfilelist",
			);
			runOnlyForDeploymentPostprocessing = 0;
			shellPath = /bin/sh;
			shellScript = "\"${PODS_ROOT}/Target Support Files/Pods-minstagram-minstagramUITests/Pods-minstagram-minstagramUITests-frameworks.sh\"\n";
			showEnvVarsInLog = 0;
		};
		6BCD81EA0F995A4980B6C50D /* [CP] Check Pods Manifest.lock */ = {
			isa = PBXShellScriptBuildPhase;
			buildActionMask = 2147483647;
			files = (
			);
			inputFileListPaths = (
			);
			inputPaths = (
				"${PODS_PODFILE_DIR_PATH}/Podfile.lock",
				"${PODS_ROOT}/Manifest.lock",
			);
			name = "[CP] Check Pods Manifest.lock";
			outputFileListPaths = (
			);
			outputPaths = (
				"$(DERIVED_FILE_DIR)/Pods-minstagram-minstagramUITests-checkManifestLockResult.txt",
			);
			runOnlyForDeploymentPostprocessing = 0;
			shellPath = /bin/sh;
			shellScript = "diff \"${PODS_PODFILE_DIR_PATH}/Podfile.lock\" \"${PODS_ROOT}/Manifest.lock\" > /dev/null\nif [ $? != 0 ] ; then\n    # print error to STDERR\n    echo \"error: The sandbox is not in sync with the Podfile.lock. Run 'pod install' or update your CocoaPods installation.\" >&2\n    exit 1\nfi\n# This output is used by Xcode 'outputs' to avoid re-running this script phase.\necho \"SUCCESS\" > \"${SCRIPT_OUTPUT_FILE_0}\"\n";
			showEnvVarsInLog = 0;
		};
		C2E7E9129B0F6B75AE1F5C71 /* [CP] Embed Pods Frameworks */ = {
			isa = PBXShellScriptBuildPhase;
			buildActionMask = 2147483647;
			files = (
			);
			inputFileListPaths = (
				"${PODS_ROOT}/Target Support Files/Pods-minstagram/Pods-minstagram-frameworks-${CONFIGURATION}-input-files.xcfilelist",
			);
			name = "[CP] Embed Pods Frameworks";
			outputFileListPaths = (
				"${PODS_ROOT}/Target Support Files/Pods-minstagram/Pods-minstagram-frameworks-${CONFIGURATION}-output-files.xcfilelist",
			);
			runOnlyForDeploymentPostprocessing = 0;
			shellPath = /bin/sh;
			shellScript = "\"${PODS_ROOT}/Target Support Files/Pods-minstagram/Pods-minstagram-frameworks.sh\"\n";
			showEnvVarsInLog = 0;
		};
		FFD2DD0C2DCE3C0B6A1D3A41 /* [CP] Check Pods Manifest.lock */ = {
			isa = PBXShellScriptBuildPhase;
			buildActionMask = 2147483647;
			files = (
			);
			inputFileListPaths = (
			);
			inputPaths = (
				"${PODS_PODFILE_DIR_PATH}/Podfile.lock",
				"${PODS_ROOT}/Manifest.lock",
			);
			name = "[CP] Check Pods Manifest.lock";
			outputFileListPaths = (
			);
			outputPaths = (
				"$(DERIVED_FILE_DIR)/Pods-minstagramTests-checkManifestLockResult.txt",
			);
			runOnlyForDeploymentPostprocessing = 0;
			shellPath = /bin/sh;
			shellScript = "diff \"${PODS_PODFILE_DIR_PATH}/Podfile.lock\" \"${PODS_ROOT}/Manifest.lock\" > /dev/null\nif [ $? != 0 ] ; then\n    # print error to STDERR\n    echo \"error: The sandbox is not in sync with the Podfile.lock. Run 'pod install' or update your CocoaPods installation.\" >&2\n    exit 1\nfi\n# This output is used by Xcode 'outputs' to avoid re-running this script phase.\necho \"SUCCESS\" > \"${SCRIPT_OUTPUT_FILE_0}\"\n";
			showEnvVarsInLog = 0;
		};
/* End PBXShellScriptBuildPhase section */

/* Begin PBXSourcesBuildPhase section */
		6DA27D4C2D65E213002A2B51 /* Sources */ = {
			isa = PBXSourcesBuildPhase;
			buildActionMask = 2147483647;
			files = (
			);
			runOnlyForDeploymentPostprocessing = 0;
		};
		6DA27D622D65E214002A2B51 /* Sources */ = {
			isa = PBXSourcesBuildPhase;
			buildActionMask = 2147483647;
			files = (
			);
			runOnlyForDeploymentPostprocessing = 0;
		};
		6DA27D6C2D65E214002A2B51 /* Sources */ = {
			isa = PBXSourcesBuildPhase;
			buildActionMask = 2147483647;
			files = (
			);
			runOnlyForDeploymentPostprocessing = 0;
		};
/* End PBXSourcesBuildPhase section */

/* Begin PBXTargetDependency section */
		6DA27D682D65E214002A2B51 /* PBXTargetDependency */ = {
			isa = PBXTargetDependency;
			target = 6DA27D4F2D65E213002A2B51 /* minstagram */;
			targetProxy = 6DA27D672D65E214002A2B51 /* PBXContainerItemProxy */;
		};
		6DA27D722D65E214002A2B51 /* PBXTargetDependency */ = {
			isa = PBXTargetDependency;
			target = 6DA27D4F2D65E213002A2B51 /* minstagram */;
			targetProxy = 6DA27D712D65E214002A2B51 /* PBXContainerItemProxy */;
		};
/* End PBXTargetDependency section */

/* Begin XCBuildConfiguration section */
		6DA27D7A2D65E214002A2B51 /* Debug */ = {
			isa = XCBuildConfiguration;
			baseConfigurationReference = 206C9FBCB0BD0D27D28576DD /* Pods-minstagram.debug.xcconfig */;
			buildSettings = {
				ASSETCATALOG_COMPILER_APPICON_NAME = AppIcon;
				ASSETCATALOG_COMPILER_GLOBAL_ACCENT_COLOR_NAME = AccentColor;
				CODE_SIGN_STYLE = Automatic;
				CURRENT_PROJECT_VERSION = 1;
				GENERATE_INFOPLIST_FILE = YES;
				INFOPLIST_FILE = minstagram/Info.plist;
				INFOPLIST_KEY_UIApplicationSupportsIndirectInputEvents = YES;
				INFOPLIST_KEY_UILaunchStoryboardName = LaunchScreen;
				INFOPLIST_KEY_UIMainStoryboardFile = Main;
				INFOPLIST_KEY_UISupportedInterfaceOrientations_iPad = "UIInterfaceOrientationPortrait UIInterfaceOrientationPortraitUpsideDown UIInterfaceOrientationLandscapeLeft UIInterfaceOrientationLandscapeRight";
				INFOPLIST_KEY_UISupportedInterfaceOrientations_iPhone = "UIInterfaceOrientationPortrait UIInterfaceOrientationLandscapeLeft UIInterfaceOrientationLandscapeRight";
				LD_RUNPATH_SEARCH_PATHS = (
					"$(inherited)",
					"@executable_path/Frameworks",
				);
				MARKETING_VERSION = 1.0;
				PRODUCT_BUNDLE_IDENTIFIER = com.sariogluemree.minstagram;
				PRODUCT_NAME = "$(TARGET_NAME)";
				SWIFT_EMIT_LOC_STRINGS = YES;
				SWIFT_VERSION = 5.0;
				TARGETED_DEVICE_FAMILY = "1,2";
			};
			name = Debug;
		};
		6DA27D7B2D65E214002A2B51 /* Release */ = {
			isa = XCBuildConfiguration;
			baseConfigurationReference = DA874ED5E120960A54E542F6 /* Pods-minstagram.release.xcconfig */;
			buildSettings = {
				ASSETCATALOG_COMPILER_APPICON_NAME = AppIcon;
				ASSETCATALOG_COMPILER_GLOBAL_ACCENT_COLOR_NAME = AccentColor;
				CODE_SIGN_STYLE = Automatic;
				CURRENT_PROJECT_VERSION = 1;
				GENERATE_INFOPLIST_FILE = YES;
				INFOPLIST_FILE = minstagram/Info.plist;
				INFOPLIST_KEY_UIApplicationSupportsIndirectInputEvents = YES;
				INFOPLIST_KEY_UILaunchStoryboardName = LaunchScreen;
				INFOPLIST_KEY_UIMainStoryboardFile = Main;
				INFOPLIST_KEY_UISupportedInterfaceOrientations_iPad = "UIInterfaceOrientationPortrait UIInterfaceOrientationPortraitUpsideDown UIInterfaceOrientationLandscapeLeft UIInterfaceOrientationLandscapeRight";
				INFOPLIST_KEY_UISupportedInterfaceOrientations_iPhone = "UIInterfaceOrientationPortrait UIInterfaceOrientationLandscapeLeft UIInterfaceOrientationLandscapeRight";
				LD_RUNPATH_SEARCH_PATHS = (
					"$(inherited)",
					"@executable_path/Frameworks",
				);
				MARKETING_VERSION = 1.0;
				PRODUCT_BUNDLE_IDENTIFIER = com.sariogluemree.minstagram;
				PRODUCT_NAME = "$(TARGET_NAME)";
				SWIFT_EMIT_LOC_STRINGS = YES;
				SWIFT_VERSION = 5.0;
				TARGETED_DEVICE_FAMILY = "1,2";
			};
			name = Release;
		};
		6DA27D7C2D65E214002A2B51 /* Debug */ = {
			isa = XCBuildConfiguration;
			buildSettings = {
				ALWAYS_SEARCH_USER_PATHS = NO;
				ASSETCATALOG_COMPILER_GENERATE_SWIFT_ASSET_SYMBOL_EXTENSIONS = YES;
				CLANG_ANALYZER_NONNULL = YES;
				CLANG_ANALYZER_NUMBER_OBJECT_CONVERSION = YES_AGGRESSIVE;
				CLANG_CXX_LANGUAGE_STANDARD = "gnu++20";
				CLANG_ENABLE_MODULES = YES;
				CLANG_ENABLE_OBJC_ARC = YES;
				CLANG_ENABLE_OBJC_WEAK = YES;
				CLANG_WARN_BLOCK_CAPTURE_AUTORELEASING = YES;
				CLANG_WARN_BOOL_CONVERSION = YES;
				CLANG_WARN_COMMA = YES;
				CLANG_WARN_CONSTANT_CONVERSION = YES;
				CLANG_WARN_DEPRECATED_OBJC_IMPLEMENTATIONS = YES;
				CLANG_WARN_DIRECT_OBJC_ISA_USAGE = YES_ERROR;
				CLANG_WARN_DOCUMENTATION_COMMENTS = YES;
				CLANG_WARN_EMPTY_BODY = YES;
				CLANG_WARN_ENUM_CONVERSION = YES;
				CLANG_WARN_INFINITE_RECURSION = YES;
				CLANG_WARN_INT_CONVERSION = YES;
				CLANG_WARN_NON_LITERAL_NULL_CONVERSION = YES;
				CLANG_WARN_OBJC_IMPLICIT_RETAIN_SELF = YES;
				CLANG_WARN_OBJC_LITERAL_CONVERSION = YES;
				CLANG_WARN_OBJC_ROOT_CLASS = YES_ERROR;
				CLANG_WARN_QUOTED_INCLUDE_IN_FRAMEWORK_HEADER = YES;
				CLANG_WARN_RANGE_LOOP_ANALYSIS = YES;
				CLANG_WARN_STRICT_PROTOTYPES = YES;
				CLANG_WARN_SUSPICIOUS_MOVE = YES;
				CLANG_WARN_UNGUARDED_AVAILABILITY = YES_AGGRESSIVE;
				CLANG_WARN_UNREACHABLE_CODE = YES;
				CLANG_WARN__DUPLICATE_METHOD_MATCH = YES;
				COPY_PHASE_STRIP = NO;
				DEBUG_INFORMATION_FORMAT = dwarf;
				ENABLE_STRICT_OBJC_MSGSEND = YES;
				ENABLE_TESTABILITY = YES;
				ENABLE_USER_SCRIPT_SANDBOXING = NO;
				GCC_C_LANGUAGE_STANDARD = gnu17;
				GCC_DYNAMIC_NO_PIC = NO;
				GCC_NO_COMMON_BLOCKS = YES;
				GCC_OPTIMIZATION_LEVEL = 0;
				GCC_PREPROCESSOR_DEFINITIONS = (
					"DEBUG=1",
					"$(inherited)",
				);
				GCC_WARN_64_TO_32_BIT_CONVERSION = YES;
				GCC_WARN_ABOUT_RETURN_TYPE = YES_ERROR;
				GCC_WARN_UNDECLARED_SELECTOR = YES;
				GCC_WARN_UNINITIALIZED_AUTOS = YES_AGGRESSIVE;
				GCC_WARN_UNUSED_FUNCTION = YES;
				GCC_WARN_UNUSED_VARIABLE = YES;
				IPHONEOS_DEPLOYMENT_TARGET = 18.2;
				LOCALIZATION_PREFERS_STRING_CATALOGS = YES;
				MTL_ENABLE_DEBUG_INFO = INCLUDE_SOURCE;
				MTL_FAST_MATH = YES;
				ONLY_ACTIVE_ARCH = YES;
				SDKROOT = iphoneos;
				SWIFT_ACTIVE_COMPILATION_CONDITIONS = "DEBUG $(inherited)";
				SWIFT_OPTIMIZATION_LEVEL = "-Onone";
			};
			name = Debug;
		};
		6DA27D7D2D65E214002A2B51 /* Release */ = {
			isa = XCBuildConfiguration;
			buildSettings = {
				ALWAYS_SEARCH_USER_PATHS = NO;
				ASSETCATALOG_COMPILER_GENERATE_SWIFT_ASSET_SYMBOL_EXTENSIONS = YES;
				CLANG_ANALYZER_NONNULL = YES;
				CLANG_ANALYZER_NUMBER_OBJECT_CONVERSION = YES_AGGRESSIVE;
				CLANG_CXX_LANGUAGE_STANDARD = "gnu++20";
				CLANG_ENABLE_MODULES = YES;
				CLANG_ENABLE_OBJC_ARC = YES;
				CLANG_ENABLE_OBJC_WEAK = YES;
				CLANG_WARN_BLOCK_CAPTURE_AUTORELEASING = YES;
				CLANG_WARN_BOOL_CONVERSION = YES;
				CLANG_WARN_COMMA = YES;
				CLANG_WARN_CONSTANT_CONVERSION = YES;
				CLANG_WARN_DEPRECATED_OBJC_IMPLEMENTATIONS = YES;
				CLANG_WARN_DIRECT_OBJC_ISA_USAGE = YES_ERROR;
				CLANG_WARN_DOCUMENTATION_COMMENTS = YES;
				CLANG_WARN_EMPTY_BODY = YES;
				CLANG_WARN_ENUM_CONVERSION = YES;
				CLANG_WARN_INFINITE_RECURSION = YES;
				CLANG_WARN_INT_CONVERSION = YES;
				CLANG_WARN_NON_LITERAL_NULL_CONVERSION = YES;
				CLANG_WARN_OBJC_IMPLICIT_RETAIN_SELF = YES;
				CLANG_WARN_OBJC_LITERAL_CONVERSION = YES;
				CLANG_WARN_OBJC_ROOT_CLASS = YES_ERROR;
				CLANG_WARN_QUOTED_INCLUDE_IN_FRAMEWORK_HEADER = YES;
				CLANG_WARN_RANGE_LOOP_ANALYSIS = YES;
				CLANG_WARN_STRICT_PROTOTYPES = YES;
				CLANG_WARN_SUSPICIOUS_MOVE = YES;
				CLANG_WARN_UNGUARDED_AVAILABILITY = YES_AGGRESSIVE;
				CLANG_WARN_UNREACHABLE_CODE = YES;
				CLANG_WARN__DUPLICATE_METHOD_MATCH = YES;
				COPY_PHASE_STRIP = NO;
				DEBUG_INFORMATION_FORMAT = "dwarf-with-dsym";
				ENABLE_NS_ASSERTIONS = NO;
				ENABLE_STRICT_OBJC_MSGSEND = YES;
				ENABLE_USER_SCRIPT_SANDBOXING = NO;
				GCC_C_LANGUAGE_STANDARD = gnu17;
				GCC_NO_COMMON_BLOCKS = YES;
				GCC_WARN_64_TO_32_BIT_CONVERSION = YES;
				GCC_WARN_ABOUT_RETURN_TYPE = YES_ERROR;
				GCC_WARN_UNDECLARED_SELECTOR = YES;
				GCC_WARN_UNINITIALIZED_AUTOS = YES_AGGRESSIVE;
				GCC_WARN_UNUSED_FUNCTION = YES;
				GCC_WARN_UNUSED_VARIABLE = YES;
				IPHONEOS_DEPLOYMENT_TARGET = 18.2;
				LOCALIZATION_PREFERS_STRING_CATALOGS = YES;
				MTL_ENABLE_DEBUG_INFO = NO;
				MTL_FAST_MATH = YES;
				SDKROOT = iphoneos;
				SWIFT_COMPILATION_MODE = wholemodule;
				VALIDATE_PRODUCT = YES;
			};
			name = Release;
		};
		6DA27D7F2D65E214002A2B51 /* Debug */ = {
			isa = XCBuildConfiguration;
			baseConfigurationReference = 7431A912DEE42AB2F7F3A9E2 /* Pods-minstagramTests.debug.xcconfig */;
			buildSettings = {
				BUNDLE_LOADER = "$(TEST_HOST)";
				CODE_SIGN_STYLE = Automatic;
				CURRENT_PROJECT_VERSION = 1;
				GENERATE_INFOPLIST_FILE = YES;
				IPHONEOS_DEPLOYMENT_TARGET = 18.2;
				MARKETING_VERSION = 1.0;
				PRODUCT_BUNDLE_IDENTIFIER = com.sariogluemree.minstagramTests;
				PRODUCT_NAME = "$(TARGET_NAME)";
				SWIFT_EMIT_LOC_STRINGS = NO;
				SWIFT_VERSION = 5.0;
				TARGETED_DEVICE_FAMILY = "1,2";
				TEST_HOST = "$(BUILT_PRODUCTS_DIR)/minstagram.app/$(BUNDLE_EXECUTABLE_FOLDER_PATH)/minstagram";
			};
			name = Debug;
		};
		6DA27D802D65E214002A2B51 /* Release */ = {
			isa = XCBuildConfiguration;
			baseConfigurationReference = 9C93D586948F3C52E9AD98FC /* Pods-minstagramTests.release.xcconfig */;
			buildSettings = {
				BUNDLE_LOADER = "$(TEST_HOST)";
				CODE_SIGN_STYLE = Automatic;
				CURRENT_PROJECT_VERSION = 1;
				GENERATE_INFOPLIST_FILE = YES;
				IPHONEOS_DEPLOYMENT_TARGET = 18.2;
				MARKETING_VERSION = 1.0;
				PRODUCT_BUNDLE_IDENTIFIER = com.sariogluemree.minstagramTests;
				PRODUCT_NAME = "$(TARGET_NAME)";
				SWIFT_EMIT_LOC_STRINGS = NO;
				SWIFT_VERSION = 5.0;
				TARGETED_DEVICE_FAMILY = "1,2";
				TEST_HOST = "$(BUILT_PRODUCTS_DIR)/minstagram.app/$(BUNDLE_EXECUTABLE_FOLDER_PATH)/minstagram";
			};
			name = Release;
		};
		6DA27D822D65E214002A2B51 /* Debug */ = {
			isa = XCBuildConfiguration;
			baseConfigurationReference = 379587A717718B6926DB8E68 /* Pods-minstagram-minstagramUITests.debug.xcconfig */;
			buildSettings = {
				CODE_SIGN_STYLE = Automatic;
				CURRENT_PROJECT_VERSION = 1;
				GENERATE_INFOPLIST_FILE = YES;
				MARKETING_VERSION = 1.0;
				PRODUCT_BUNDLE_IDENTIFIER = com.sariogluemree.minstagramUITests;
				PRODUCT_NAME = "$(TARGET_NAME)";
				SWIFT_EMIT_LOC_STRINGS = NO;
				SWIFT_VERSION = 5.0;
				TARGETED_DEVICE_FAMILY = "1,2";
				TEST_TARGET_NAME = minstagram;
			};
			name = Debug;
		};
		6DA27D832D65E214002A2B51 /* Release */ = {
			isa = XCBuildConfiguration;
			baseConfigurationReference = E12C1E5D02FF361E0C5DD364 /* Pods-minstagram-minstagramUITests.release.xcconfig */;
			buildSettings = {
				CODE_SIGN_STYLE = Automatic;
				CURRENT_PROJECT_VERSION = 1;
				GENERATE_INFOPLIST_FILE = YES;
				MARKETING_VERSION = 1.0;
				PRODUCT_BUNDLE_IDENTIFIER = com.sariogluemree.minstagramUITests;
				PRODUCT_NAME = "$(TARGET_NAME)";
				SWIFT_EMIT_LOC_STRINGS = NO;
				SWIFT_VERSION = 5.0;
				TARGETED_DEVICE_FAMILY = "1,2";
				TEST_TARGET_NAME = minstagram;
			};
			name = Release;
		};
/* End XCBuildConfiguration section */

/* Begin XCConfigurationList section */
		6DA27D4B2D65E213002A2B51 /* Build configuration list for PBXProject "minstagram" */ = {
			isa = XCConfigurationList;
			buildConfigurations = (
				6DA27D7C2D65E214002A2B51 /* Debug */,
				6DA27D7D2D65E214002A2B51 /* Release */,
			);
			defaultConfigurationIsVisible = 0;
			defaultConfigurationName = Release;
		};
		6DA27D792D65E214002A2B51 /* Build configuration list for PBXNativeTarget "minstagram" */ = {
			isa = XCConfigurationList;
			buildConfigurations = (
				6DA27D7A2D65E214002A2B51 /* Debug */,
				6DA27D7B2D65E214002A2B51 /* Release */,
			);
			defaultConfigurationIsVisible = 0;
			defaultConfigurationName = Release;
		};
		6DA27D7E2D65E214002A2B51 /* Build configuration list for PBXNativeTarget "minstagramTests" */ = {
			isa = XCConfigurationList;
			buildConfigurations = (
				6DA27D7F2D65E214002A2B51 /* Debug */,
				6DA27D802D65E214002A2B51 /* Release */,
			);
			defaultConfigurationIsVisible = 0;
			defaultConfigurationName = Release;
		};
		6DA27D812D65E214002A2B51 /* Build configuration list for PBXNativeTarget "minstagramUITests" */ = {
			isa = XCConfigurationList;
			buildConfigurations = (
				6DA27D822D65E214002A2B51 /* Debug */,
				6DA27D832D65E214002A2B51 /* Release */,
			);
			defaultConfigurationIsVisible = 0;
			defaultConfigurationName = Release;
		};
/* End XCConfigurationList section */
	};
	rootObject = 6DA27D482D65E213002A2B51 /* Project object */;
}
